
Microsoft Visual Studio Solution File, Format Version 12.00
# Visual Studio Version 17
VisualStudioVersion = 17.7.34003.232
MinimumVisualStudioVersion = 10.0.40219.1
Project("{9A19103F-16F7-4668-BE54-9A1E7A4F7556}") = "FirstTask", "FirstTask\FirstTask.csproj", "{411738E3-82A2-487D-883A-52045F71829F}"
EndProject
Project("{FAE04EC0-301F-11D3-BF4B-00C04F79EFBC}") = "SecondTask", "SecondTask\SecondTask.csproj", "{593D3BD6-0CEB-4C65-B55F-6C1924BB80A3}"
EndProject
Global
	GlobalSection(SolutionConfigurationPlatforms) = preSolution
		Debug|Any CPU = Debug|Any CPU
		Release|Any CPU = Release|Any CPU
	EndGlobalSection
	GlobalSection(ProjectConfigurationPlatforms) = postSolution
		{411738E3-82A2-487D-883A-52045F71829F}.Debug|Any CPU.ActiveCfg = Debug|Any CPU
		{411738E3-82A2-487D-883A-52045F71829F}.Debug|Any CPU.Build.0 = Debug|Any CPU
		{411738E3-82A2-487D-883A-52045F71829F}.Release|Any CPU.ActiveCfg = Release|Any CPU
		{411738E3-82A2-487D-883A-52045F71829F}.Release|Any CPU.Build.0 = Release|Any CPU
		{593D3BD6-0CEB-4C65-B55F-6C1924BB80A3}.Debug|Any CPU.ActiveCfg = Debug|Any CPU
		{593D3BD6-0CEB-4C65-B55F-6C1924BB80A3}.Debug|Any CPU.Build.0 = Debug|Any CPU
		{593D3BD6-0CEB-4C65-B55F-6C1924BB80A3}.Release|Any CPU.ActiveCfg = Release|Any CPU
		{593D3BD6-0CEB-4C65-B55F-6C1924BB80A3}.Release|Any CPU.Build.0 = Release|Any CPU
	EndGlobalSection
	GlobalSection(SolutionProperties) = preSolution
		HideSolutionNode = FALSE
	EndGlobalSection
	GlobalSection(ExtensibilityGlobals) = postSolution
		SolutionGuid = {FCC0A107-5F75-497D-83C4-49C55022C16C}
	EndGlobalSection
EndGlobal
